
Microsoft Visual Studio Solution File, Format Version 12.00
# Visual Studio 15
VisualStudioVersion = 15.0.27004.2006
MinimumVisualStudioVersion = 10.0.40219.1
Project("{FAE04EC0-301F-11D3-BF4B-00C04F79EFBC}") = "Triemus", "Triemus\Triemus.csproj", "{D0639526-ECE8-4BB9-9B12-F2E0FAA8452C}"
EndProject
Global
	GlobalSection(SolutionConfigurationPlatforms) = preSolution
		Debug|Any CPU = Debug|Any CPU
		Release|Any CPU = Release|Any CPU
	EndGlobalSection
	GlobalSection(ProjectConfigurationPlatforms) = postSolution
		{D0639526-ECE8-4BB9-9B12-F2E0FAA8452C}.Debug|Any CPU.ActiveCfg = Debug|Any CPU
		{D0639526-ECE8-4BB9-9B12-F2E0FAA8452C}.Debug|Any CPU.Build.0 = Debug|Any CPU
		{D0639526-ECE8-4BB9-9B12-F2E0FAA8452C}.Release|Any CPU.ActiveCfg = Release|Any CPU
		{D0639526-ECE8-4BB9-9B12-F2E0FAA8452C}.Release|Any CPU.Build.0 = Release|Any CPU
	EndGlobalSection
	GlobalSection(SolutionProperties) = preSolution
		HideSolutionNode = FALSE
	EndGlobalSection
	GlobalSection(ExtensibilityGlobals) = postSolution
		SolutionGuid = {C82158A0-2FFC-4332-8549-89E5E0915481}
	EndGlobalSection
EndGlobal
